
Microsoft Visual Studio Solution File, Format Version 12.00
# Visual Studio 2012
Project("{FAE04EC0-301F-11D3-BF4B-00C04F79EFBC}") = "Indexador", "Indexador\Indexador.csproj", "{0B686844-EB60-45D0-8FC4-DDCAF6899FDD}"
EndProject
Project("{FAE04EC0-301F-11D3-BF4B-00C04F79EFBC}") = "Libreria", "Libreria\Libreria.csproj", "{C291B369-2D66-4284-A84B-07B1D8EC3A04}"
EndProject
Project("{FAE04EC0-301F-11D3-BF4B-00C04F79EFBC}") = "Excepcion_Basica", "Excepcion_Basica\Excepcion_Basica.csproj", "{8587BF7B-8BBA-46C1-A809-24F40DADC97F}"
EndProject
Global
	GlobalSection(SolutionConfigurationPlatforms) = preSolution
		Debug|Any CPU = Debug|Any CPU
		Release|Any CPU = Release|Any CPU
	EndGlobalSection
	GlobalSection(ProjectConfigurationPlatforms) = postSolution
		{0B686844-EB60-45D0-8FC4-DDCAF6899FDD}.Debug|Any CPU.ActiveCfg = Debug|Any CPU
		{0B686844-EB60-45D0-8FC4-DDCAF6899FDD}.Debug|Any CPU.Build.0 = Debug|Any CPU
		{0B686844-EB60-45D0-8FC4-DDCAF6899FDD}.Release|Any CPU.ActiveCfg = Release|Any CPU
		{0B686844-EB60-45D0-8FC4-DDCAF6899FDD}.Release|Any CPU.Build.0 = Release|Any CPU
		{C291B369-2D66-4284-A84B-07B1D8EC3A04}.Debug|Any CPU.ActiveCfg = Debug|Any CPU
		{C291B369-2D66-4284-A84B-07B1D8EC3A04}.Debug|Any CPU.Build.0 = Debug|Any CPU
		{C291B369-2D66-4284-A84B-07B1D8EC3A04}.Release|Any CPU.ActiveCfg = Release|Any CPU
		{C291B369-2D66-4284-A84B-07B1D8EC3A04}.Release|Any CPU.Build.0 = Release|Any CPU
		{8587BF7B-8BBA-46C1-A809-24F40DADC97F}.Debug|Any CPU.ActiveCfg = Debug|Any CPU
		{8587BF7B-8BBA-46C1-A809-24F40DADC97F}.Debug|Any CPU.Build.0 = Debug|Any CPU
		{8587BF7B-8BBA-46C1-A809-24F40DADC97F}.Release|Any CPU.ActiveCfg = Release|Any CPU
		{8587BF7B-8BBA-46C1-A809-24F40DADC97F}.Release|Any CPU.Build.0 = Release|Any CPU
	EndGlobalSection
	GlobalSection(SolutionProperties) = preSolution
		HideSolutionNode = FALSE
	EndGlobalSection
EndGlobal
