
Microsoft Visual Studio Solution File, Format Version 12.00
# Visual Studio 2012
Project("{FAE04EC0-301F-11D3-BF4B-00C04F79EFBC}") = "Indexador", "Indexador\Indexador.csproj", "{0B686844-EB60-45D0-8FC4-DDCAF6899FDD}"
EndProject
Project("{FAE04EC0-301F-11D3-BF4B-00C04F79EFBC}") = "Libreria", "Libreria\Libreria.csproj", "{C291B369-2D66-4284-A84B-07B1D8EC3A04}"
EndProject
Project("{FAE04EC0-301F-11D3-BF4B-00C04F79EFBC}") = "Excepcion_Basica", "Excepcion_Basica\Excepcion_Basica.csproj", "{8587BF7B-8BBA-46C1-A809-24F40DADC97F}"
EndProject
Project("{FAE04EC0-301F-11D3-BF4B-00C04F79EFBC}") = "Burbujeo_Exceptions", "Burbujeo_Exceptions\Burbujeo_Exceptions.csproj", "{1E40365B-6D6A-451E-94D1-E6E9041E1DDE}"
EndProject
Project("{FAE04EC0-301F-11D3-BF4B-00C04F79EFBC}") = "TemaAsesino", "TemaAsesino\TemaAsesino.csproj", "{0436523E-0997-4F6C-BBF9-2BFE8B6B05C9}"
EndProject
Project("{FAE04EC0-301F-11D3-BF4B-00C04F79EFBC}") = "Escritura_En_Archivo", "Escritura_En_Archivo\Escritura_En_Archivo.csproj", "{79131154-8126-4118-A8B6-CAE97A673B50}"
EndProject
Project("{FAE04EC0-301F-11D3-BF4B-00C04F79EFBC}") = "UI_Guardador", "UI_Guardador\UI_Guardador.csproj", "{1394D55D-E0BE-4A12-A8A1-46DCE859E9D8}"
EndProject
Project("{FAE04EC0-301F-11D3-BF4B-00C04F79EFBC}") = "Serializacion", "Serializacion\Serializacion.csproj", "{515C5B4F-24BB-4C35-9DD2-D8CBDF0B1EE6}"
EndProject
Global
	GlobalSection(SolutionConfigurationPlatforms) = preSolution
		Debug|Any CPU = Debug|Any CPU
		Release|Any CPU = Release|Any CPU
	EndGlobalSection
	GlobalSection(ProjectConfigurationPlatforms) = postSolution
		{0B686844-EB60-45D0-8FC4-DDCAF6899FDD}.Debug|Any CPU.ActiveCfg = Debug|Any CPU
		{0B686844-EB60-45D0-8FC4-DDCAF6899FDD}.Debug|Any CPU.Build.0 = Debug|Any CPU
		{0B686844-EB60-45D0-8FC4-DDCAF6899FDD}.Release|Any CPU.ActiveCfg = Release|Any CPU
		{0B686844-EB60-45D0-8FC4-DDCAF6899FDD}.Release|Any CPU.Build.0 = Release|Any CPU
		{C291B369-2D66-4284-A84B-07B1D8EC3A04}.Debug|Any CPU.ActiveCfg = Debug|Any CPU
		{C291B369-2D66-4284-A84B-07B1D8EC3A04}.Debug|Any CPU.Build.0 = Debug|Any CPU
		{C291B369-2D66-4284-A84B-07B1D8EC3A04}.Release|Any CPU.ActiveCfg = Release|Any CPU
		{C291B369-2D66-4284-A84B-07B1D8EC3A04}.Release|Any CPU.Build.0 = Release|Any CPU
		{8587BF7B-8BBA-46C1-A809-24F40DADC97F}.Debug|Any CPU.ActiveCfg = Debug|Any CPU
		{8587BF7B-8BBA-46C1-A809-24F40DADC97F}.Debug|Any CPU.Build.0 = Debug|Any CPU
		{8587BF7B-8BBA-46C1-A809-24F40DADC97F}.Release|Any CPU.ActiveCfg = Release|Any CPU
		{8587BF7B-8BBA-46C1-A809-24F40DADC97F}.Release|Any CPU.Build.0 = Release|Any CPU
		{1E40365B-6D6A-451E-94D1-E6E9041E1DDE}.Debug|Any CPU.ActiveCfg = Debug|Any CPU
		{1E40365B-6D6A-451E-94D1-E6E9041E1DDE}.Debug|Any CPU.Build.0 = Debug|Any CPU
		{1E40365B-6D6A-451E-94D1-E6E9041E1DDE}.Release|Any CPU.ActiveCfg = Release|Any CPU
		{1E40365B-6D6A-451E-94D1-E6E9041E1DDE}.Release|Any CPU.Build.0 = Release|Any CPU
		{0436523E-0997-4F6C-BBF9-2BFE8B6B05C9}.Debug|Any CPU.ActiveCfg = Debug|Any CPU
		{0436523E-0997-4F6C-BBF9-2BFE8B6B05C9}.Debug|Any CPU.Build.0 = Debug|Any CPU
		{0436523E-0997-4F6C-BBF9-2BFE8B6B05C9}.Release|Any CPU.ActiveCfg = Release|Any CPU
		{0436523E-0997-4F6C-BBF9-2BFE8B6B05C9}.Release|Any CPU.Build.0 = Release|Any CPU
		{79131154-8126-4118-A8B6-CAE97A673B50}.Debug|Any CPU.ActiveCfg = Debug|Any CPU
		{79131154-8126-4118-A8B6-CAE97A673B50}.Debug|Any CPU.Build.0 = Debug|Any CPU
		{79131154-8126-4118-A8B6-CAE97A673B50}.Release|Any CPU.ActiveCfg = Release|Any CPU
		{79131154-8126-4118-A8B6-CAE97A673B50}.Release|Any CPU.Build.0 = Release|Any CPU
		{1394D55D-E0BE-4A12-A8A1-46DCE859E9D8}.Debug|Any CPU.ActiveCfg = Debug|Any CPU
		{1394D55D-E0BE-4A12-A8A1-46DCE859E9D8}.Debug|Any CPU.Build.0 = Debug|Any CPU
		{1394D55D-E0BE-4A12-A8A1-46DCE859E9D8}.Release|Any CPU.ActiveCfg = Release|Any CPU
		{1394D55D-E0BE-4A12-A8A1-46DCE859E9D8}.Release|Any CPU.Build.0 = Release|Any CPU
		{515C5B4F-24BB-4C35-9DD2-D8CBDF0B1EE6}.Debug|Any CPU.ActiveCfg = Debug|Any CPU
		{515C5B4F-24BB-4C35-9DD2-D8CBDF0B1EE6}.Debug|Any CPU.Build.0 = Debug|Any CPU
		{515C5B4F-24BB-4C35-9DD2-D8CBDF0B1EE6}.Release|Any CPU.ActiveCfg = Release|Any CPU
		{515C5B4F-24BB-4C35-9DD2-D8CBDF0B1EE6}.Release|Any CPU.Build.0 = Release|Any CPU
	EndGlobalSection
	GlobalSection(SolutionProperties) = preSolution
		HideSolutionNode = FALSE
	EndGlobalSection
EndGlobal
