
Microsoft Visual Studio Solution File, Format Version 12.00
# Visual Studio 2012
Project("{FAE04EC0-301F-11D3-BF4B-00C04F79EFBC}") = "Ejercicio_Guia_1", "Ejercicio_Guia_1\Ejercicio_Guia_1.csproj", "{4F43C4BF-94C1-4185-BB92-633D4699C463}"
EndProject
Project("{FAE04EC0-301F-11D3-BF4B-00C04F79EFBC}") = "Ejercicio_Guia_2", "Ejercicio_Guia_2\Ejercicio_Guia_2.csproj", "{C93748CD-64F1-4F00-8EC4-F0423FC4BA1D}"
EndProject
Project("{FAE04EC0-301F-11D3-BF4B-00C04F79EFBC}") = "Ejercicio_Guia_22", "Ejercicio_Guia_22\Ejercicio_Guia_22.csproj", "{7865CF5D-CAFE-4E1B-9DA4-32A3B3F14A34}"
EndProject
Project("{FAE04EC0-301F-11D3-BF4B-00C04F79EFBC}") = "Validaciones1", "Validaciones1\Validaciones1.csproj", "{EA4B3191-4022-4373-A30B-C1782516994C}"
EndProject
Global
	GlobalSection(SolutionConfigurationPlatforms) = preSolution
		Debug|Any CPU = Debug|Any CPU
		Release|Any CPU = Release|Any CPU
	EndGlobalSection
	GlobalSection(ProjectConfigurationPlatforms) = postSolution
		{4F43C4BF-94C1-4185-BB92-633D4699C463}.Debug|Any CPU.ActiveCfg = Debug|Any CPU
		{4F43C4BF-94C1-4185-BB92-633D4699C463}.Debug|Any CPU.Build.0 = Debug|Any CPU
		{4F43C4BF-94C1-4185-BB92-633D4699C463}.Release|Any CPU.ActiveCfg = Release|Any CPU
		{4F43C4BF-94C1-4185-BB92-633D4699C463}.Release|Any CPU.Build.0 = Release|Any CPU
		{C93748CD-64F1-4F00-8EC4-F0423FC4BA1D}.Debug|Any CPU.ActiveCfg = Debug|Any CPU
		{C93748CD-64F1-4F00-8EC4-F0423FC4BA1D}.Debug|Any CPU.Build.0 = Debug|Any CPU
		{C93748CD-64F1-4F00-8EC4-F0423FC4BA1D}.Release|Any CPU.ActiveCfg = Release|Any CPU
		{C93748CD-64F1-4F00-8EC4-F0423FC4BA1D}.Release|Any CPU.Build.0 = Release|Any CPU
		{7865CF5D-CAFE-4E1B-9DA4-32A3B3F14A34}.Debug|Any CPU.ActiveCfg = Debug|Any CPU
		{7865CF5D-CAFE-4E1B-9DA4-32A3B3F14A34}.Debug|Any CPU.Build.0 = Debug|Any CPU
		{7865CF5D-CAFE-4E1B-9DA4-32A3B3F14A34}.Release|Any CPU.ActiveCfg = Release|Any CPU
		{7865CF5D-CAFE-4E1B-9DA4-32A3B3F14A34}.Release|Any CPU.Build.0 = Release|Any CPU
		{EA4B3191-4022-4373-A30B-C1782516994C}.Debug|Any CPU.ActiveCfg = Debug|Any CPU
		{EA4B3191-4022-4373-A30B-C1782516994C}.Debug|Any CPU.Build.0 = Debug|Any CPU
		{EA4B3191-4022-4373-A30B-C1782516994C}.Release|Any CPU.ActiveCfg = Release|Any CPU
		{EA4B3191-4022-4373-A30B-C1782516994C}.Release|Any CPU.Build.0 = Release|Any CPU
	EndGlobalSection
	GlobalSection(SolutionProperties) = preSolution
		HideSolutionNode = FALSE
	EndGlobalSection
EndGlobal
